
Microsoft Visual Studio Solution File, Format Version 12.00
# Visual Studio 15
VisualStudioVersion = 15.0.28010.2050
MinimumVisualStudioVersion = 10.0.40219.1
Project("{FAE04EC0-301F-11D3-BF4B-00C04F79EFBC}") = "Lesson3", "Lesson3\Lesson3.csproj", "{36430D0D-7FEA-4C11-A06E-B705CE38FDB4}"
EndProject
Project("{FAE04EC0-301F-11D3-BF4B-00C04F79EFBC}") = "ClassLibraryLesson3", "ClassLibraryLesson3\ClassLibraryLesson3.csproj", "{50F74904-3F5E-43A0-AE7D-D002E8454B44}"
EndProject
Global
	GlobalSection(SolutionConfigurationPlatforms) = preSolution
		Debug|Any CPU = Debug|Any CPU
		Release|Any CPU = Release|Any CPU
	EndGlobalSection
	GlobalSection(ProjectConfigurationPlatforms) = postSolution
		{36430D0D-7FEA-4C11-A06E-B705CE38FDB4}.Debug|Any CPU.ActiveCfg = Debug|Any CPU
		{36430D0D-7FEA-4C11-A06E-B705CE38FDB4}.Debug|Any CPU.Build.0 = Debug|Any CPU
		{36430D0D-7FEA-4C11-A06E-B705CE38FDB4}.Release|Any CPU.ActiveCfg = Release|Any CPU
		{36430D0D-7FEA-4C11-A06E-B705CE38FDB4}.Release|Any CPU.Build.0 = Release|Any CPU
		{50F74904-3F5E-43A0-AE7D-D002E8454B44}.Debug|Any CPU.ActiveCfg = Debug|Any CPU
		{50F74904-3F5E-43A0-AE7D-D002E8454B44}.Debug|Any CPU.Build.0 = Debug|Any CPU
		{50F74904-3F5E-43A0-AE7D-D002E8454B44}.Release|Any CPU.ActiveCfg = Release|Any CPU
		{50F74904-3F5E-43A0-AE7D-D002E8454B44}.Release|Any CPU.Build.0 = Release|Any CPU
	EndGlobalSection
	GlobalSection(SolutionProperties) = preSolution
		HideSolutionNode = FALSE
	EndGlobalSection
	GlobalSection(ExtensibilityGlobals) = postSolution
		SolutionGuid = {96511B9E-DA62-4E29-A71B-D39CB541B85D}
	EndGlobalSection
EndGlobal
